
Microsoft Visual Studio Solution File, Format Version 12.00
# Visual Studio Version 17
VisualStudioVersion = 17.9.34723.18
MinimumVisualStudioVersion = 10.0.40219.1
Project("{FAE04EC0-301F-11D3-BF4B-00C04F79EFBC}") = "WeaselRental", "WeaselRental.csproj", "{C62FB130-9ED3-4EE3-8FF4-CE6012F55BB9}"
EndProject
Global
	GlobalSection(SolutionConfigurationPlatforms) = preSolution
		Debug|Any CPU = Debug|Any CPU
		Release|Any CPU = Release|Any CPU
	EndGlobalSection
	GlobalSection(ProjectConfigurationPlatforms) = postSolution
		{C62FB130-9ED3-4EE3-8FF4-CE6012F55BB9}.Debug|Any CPU.ActiveCfg = Debug|Any CPU
		{C62FB130-9ED3-4EE3-8FF4-CE6012F55BB9}.Debug|Any CPU.Build.0 = Debug|Any CPU
		{C62FB130-9ED3-4EE3-8FF4-CE6012F55BB9}.Release|Any CPU.ActiveCfg = Release|Any CPU
		{C62FB130-9ED3-4EE3-8FF4-CE6012F55BB9}.Release|Any CPU.Build.0 = Release|Any CPU
	EndGlobalSection
	GlobalSection(SolutionProperties) = preSolution
		HideSolutionNode = FALSE
	EndGlobalSection
	GlobalSection(ExtensibilityGlobals) = postSolution
		SolutionGuid = {6B735454-CF49-41AE-8354-F2987A8586C8}
	EndGlobalSection
EndGlobal
